
Microsoft Visual Studio Solution File, Format Version 12.00
Project("{FAE04EC0-301F-11D3-BF4B-00C04F79EFBC}") = "atm-backend", "atm-backend\atm-backend.csproj", "{06247804-00B8-4CAB-90D5-8FF838081864}"
EndProject
Global
	GlobalSection(SolutionConfigurationPlatforms) = preSolution
		Debug|Any CPU = Debug|Any CPU
		Release|Any CPU = Release|Any CPU
	EndGlobalSection
	GlobalSection(ProjectConfigurationPlatforms) = postSolution
		{06247804-00B8-4CAB-90D5-8FF838081864}.Debug|Any CPU.ActiveCfg = Debug|Any CPU
		{06247804-00B8-4CAB-90D5-8FF838081864}.Debug|Any CPU.Build.0 = Debug|Any CPU
		{06247804-00B8-4CAB-90D5-8FF838081864}.Release|Any CPU.ActiveCfg = Release|Any CPU
		{06247804-00B8-4CAB-90D5-8FF838081864}.Release|Any CPU.Build.0 = Release|Any CPU
	EndGlobalSection
EndGlobal
